
Microsoft Visual Studio Solution File, Format Version 12.00
# Visual Studio 2012
Project("{FAE04EC0-301F-11D3-BF4B-00C04F79EFBC}") = "dndReboot", "dndReboot\dndReboot.csproj", "{ED0E30F7-686C-4BF1-8158-F87AE8C81134}"
EndProject
Global
	GlobalSection(SolutionConfigurationPlatforms) = preSolution
		Debug|Any CPU = Debug|Any CPU
		Release|Any CPU = Release|Any CPU
	EndGlobalSection
	GlobalSection(ProjectConfigurationPlatforms) = postSolution
		{ED0E30F7-686C-4BF1-8158-F87AE8C81134}.Debug|Any CPU.ActiveCfg = Debug|Any CPU
		{ED0E30F7-686C-4BF1-8158-F87AE8C81134}.Debug|Any CPU.Build.0 = Debug|Any CPU
		{ED0E30F7-686C-4BF1-8158-F87AE8C81134}.Release|Any CPU.ActiveCfg = Release|Any CPU
		{ED0E30F7-686C-4BF1-8158-F87AE8C81134}.Release|Any CPU.Build.0 = Release|Any CPU
	EndGlobalSection
	GlobalSection(SolutionProperties) = preSolution
		HideSolutionNode = FALSE
	EndGlobalSection
EndGlobal
